
Microsoft Visual Studio Solution File, Format Version 12.00
# Visual Studio Version 17
VisualStudioVersion = 17.0.31903.59
MinimumVisualStudioVersion = 10.0.40219.1
Project("{FAE04EC0-301F-11D3-BF4B-00C04F79EFBC}") = "GitCrawler.Api", "GitCrawler.Api\GitCrawler.Api.csproj", "{1B0AD601-3D8E-4F3F-88B7-DC92AC4108ED}"
EndProject
Project("{2150E333-8FDC-42A3-9474-1A3956D46DE8}") = "tests", "tests", "{0AB3BF05-4346-4AA6-1389-037BE0695223}"
EndProject
Project("{FAE04EC0-301F-11D3-BF4B-00C04F79EFBC}") = "GitCrawler.Api.Tests", "tests\GitCrawler.Api.Tests\GitCrawler.Api.Tests.csproj", "{74D3525A-33E4-45C8-A180-8EFD12B579E0}"
EndProject
Project("{2150E333-8FDC-42A3-9474-1A3956D46DE8}") = "tools", "tools", "{07C2787E-EAC7-C090-1BA3-A61EC2A24D84}"
EndProject
Project("{FAE04EC0-301F-11D3-BF4B-00C04F79EFBC}") = "SeedHarness", "tools\SeedHarness\SeedHarness.csproj", "{DB1AACF1-F04A-4E31-BAEC-7EE24160D873}"
EndProject
Global
	GlobalSection(SolutionConfigurationPlatforms) = preSolution
		Debug|Any CPU = Debug|Any CPU
		Debug|x64 = Debug|x64
		Debug|x86 = Debug|x86
		Release|Any CPU = Release|Any CPU
		Release|x64 = Release|x64
		Release|x86 = Release|x86
	EndGlobalSection
	GlobalSection(ProjectConfigurationPlatforms) = postSolution
		{1B0AD601-3D8E-4F3F-88B7-DC92AC4108ED}.Debug|Any CPU.ActiveCfg = Debug|Any CPU
		{1B0AD601-3D8E-4F3F-88B7-DC92AC4108ED}.Debug|Any CPU.Build.0 = Debug|Any CPU
		{1B0AD601-3D8E-4F3F-88B7-DC92AC4108ED}.Debug|x64.ActiveCfg = Debug|Any CPU
		{1B0AD601-3D8E-4F3F-88B7-DC92AC4108ED}.Debug|x64.Build.0 = Debug|Any CPU
		{1B0AD601-3D8E-4F3F-88B7-DC92AC4108ED}.Debug|x86.ActiveCfg = Debug|Any CPU
		{1B0AD601-3D8E-4F3F-88B7-DC92AC4108ED}.Debug|x86.Build.0 = Debug|Any CPU
		{1B0AD601-3D8E-4F3F-88B7-DC92AC4108ED}.Release|Any CPU.ActiveCfg = Release|Any CPU
		{1B0AD601-3D8E-4F3F-88B7-DC92AC4108ED}.Release|Any CPU.Build.0 = Release|Any CPU
		{1B0AD601-3D8E-4F3F-88B7-DC92AC4108ED}.Release|x64.ActiveCfg = Release|Any CPU
		{1B0AD601-3D8E-4F3F-88B7-DC92AC4108ED}.Release|x64.Build.0 = Release|Any CPU
		{1B0AD601-3D8E-4F3F-88B7-DC92AC4108ED}.Release|x86.ActiveCfg = Release|Any CPU
		{1B0AD601-3D8E-4F3F-88B7-DC92AC4108ED}.Release|x86.Build.0 = Release|Any CPU
		{74D3525A-33E4-45C8-A180-8EFD12B579E0}.Debug|Any CPU.ActiveCfg = Debug|Any CPU
		{74D3525A-33E4-45C8-A180-8EFD12B579E0}.Debug|Any CPU.Build.0 = Debug|Any CPU
		{74D3525A-33E4-45C8-A180-8EFD12B579E0}.Debug|x64.ActiveCfg = Debug|Any CPU
		{74D3525A-33E4-45C8-A180-8EFD12B579E0}.Debug|x64.Build.0 = Debug|Any CPU
		{74D3525A-33E4-45C8-A180-8EFD12B579E0}.Debug|x86.ActiveCfg = Debug|Any CPU
		{74D3525A-33E4-45C8-A180-8EFD12B579E0}.Debug|x86.Build.0 = Debug|Any CPU
		{74D3525A-33E4-45C8-A180-8EFD12B579E0}.Release|Any CPU.ActiveCfg = Release|Any CPU
		{74D3525A-33E4-45C8-A180-8EFD12B579E0}.Release|Any CPU.Build.0 = Release|Any CPU
		{74D3525A-33E4-45C8-A180-8EFD12B579E0}.Release|x64.ActiveCfg = Release|Any CPU
		{74D3525A-33E4-45C8-A180-8EFD12B579E0}.Release|x64.Build.0 = Release|Any CPU
		{74D3525A-33E4-45C8-A180-8EFD12B579E0}.Release|x86.ActiveCfg = Release|Any CPU
		{74D3525A-33E4-45C8-A180-8EFD12B579E0}.Release|x86.Build.0 = Release|Any CPU
		{DB1AACF1-F04A-4E31-BAEC-7EE24160D873}.Debug|Any CPU.ActiveCfg = Debug|Any CPU
		{DB1AACF1-F04A-4E31-BAEC-7EE24160D873}.Debug|Any CPU.Build.0 = Debug|Any CPU
		{DB1AACF1-F04A-4E31-BAEC-7EE24160D873}.Debug|x64.ActiveCfg = Debug|Any CPU
		{DB1AACF1-F04A-4E31-BAEC-7EE24160D873}.Debug|x64.Build.0 = Debug|Any CPU
		{DB1AACF1-F04A-4E31-BAEC-7EE24160D873}.Debug|x86.ActiveCfg = Debug|Any CPU
		{DB1AACF1-F04A-4E31-BAEC-7EE24160D873}.Debug|x86.Build.0 = Debug|Any CPU
		{DB1AACF1-F04A-4E31-BAEC-7EE24160D873}.Release|Any CPU.ActiveCfg = Release|Any CPU
		{DB1AACF1-F04A-4E31-BAEC-7EE24160D873}.Release|Any CPU.Build.0 = Release|Any CPU
		{DB1AACF1-F04A-4E31-BAEC-7EE24160D873}.Release|x64.ActiveCfg = Release|Any CPU
		{DB1AACF1-F04A-4E31-BAEC-7EE24160D873}.Release|x64.Build.0 = Release|Any CPU
		{DB1AACF1-F04A-4E31-BAEC-7EE24160D873}.Release|x86.ActiveCfg = Release|Any CPU
		{DB1AACF1-F04A-4E31-BAEC-7EE24160D873}.Release|x86.Build.0 = Release|Any CPU
	EndGlobalSection
	GlobalSection(SolutionProperties) = preSolution
		HideSolutionNode = FALSE
	EndGlobalSection
	GlobalSection(NestedProjects) = preSolution
		{74D3525A-33E4-45C8-A180-8EFD12B579E0} = {0AB3BF05-4346-4AA6-1389-037BE0695223}
		{DB1AACF1-F04A-4E31-BAEC-7EE24160D873} = {07C2787E-EAC7-C090-1BA3-A61EC2A24D84}
	EndGlobalSection
EndGlobal
